
Microsoft Visual Studio Solution File, Format Version 12.00
# Visual Studio Version 17
VisualStudioVersion = 17.9.34526.213
MinimumVisualStudioVersion = 10.0.40219.1
Project("{9A19103F-16F7-4668-BE54-9A1E7A4F7556}") = "RRCodeTest.Server", "RRCodeTest.Server\RRCodeTest.Server.csproj", "{10F2D775-1D52-44AA-B6AB-019F45C436A5}"
EndProject
Project("{2150E333-8FDC-42A3-9474-1A3956D46DE8}") = "Solution Items", "Solution Items", "{D8C1B92F-2F32-4270-A3A8-31E672A173AB}"
	ProjectSection(SolutionItems) = preProject
		README.md = README.md
	EndProjectSection
EndProject
Global
	GlobalSection(SolutionConfigurationPlatforms) = preSolution
		Debug|Any CPU = Debug|Any CPU
		Release|Any CPU = Release|Any CPU
	EndGlobalSection
	GlobalSection(ProjectConfigurationPlatforms) = postSolution
		{10F2D775-1D52-44AA-B6AB-019F45C436A5}.Debug|Any CPU.ActiveCfg = Debug|Any CPU
		{10F2D775-1D52-44AA-B6AB-019F45C436A5}.Debug|Any CPU.Build.0 = Debug|Any CPU
		{10F2D775-1D52-44AA-B6AB-019F45C436A5}.Release|Any CPU.ActiveCfg = Release|Any CPU
		{10F2D775-1D52-44AA-B6AB-019F45C436A5}.Release|Any CPU.Build.0 = Release|Any CPU
	EndGlobalSection
	GlobalSection(SolutionProperties) = preSolution
		HideSolutionNode = FALSE
	EndGlobalSection
	GlobalSection(ExtensibilityGlobals) = postSolution
		SolutionGuid = {76DFCAD2-C0F9-4181-8673-C73FC108B071}
	EndGlobalSection
EndGlobal
